
Microsoft Visual Studio Solution File, Format Version 12.00
# Visual Studio 14
VisualStudioVersion = 14.0.25420.1
MinimumVisualStudioVersion = 10.0.40219.1
Project("{FAE04EC0-301F-11D3-BF4B-00C04F79EFBC}") = "vrc.data.app", "vrc.data.app\vrc.data.app.csproj", "{B831DC28-2CD5-4B86-8D7D-7506286AFB27}"
EndProject
Project("{FAE04EC0-301F-11D3-BF4B-00C04F79EFBC}") = "vrc.data.console", "vrc.data.console\vrc.data.console.csproj", "{CBBE8F52-A646-447E-B62C-F861A0F8138B}"
EndProject
Project("{FAE04EC0-301F-11D3-BF4B-00C04F79EFBC}") = "vrc.data.bdo", "vrc.data.bdo\vrc.data.bdo.csproj", "{0F178D78-D71B-422E-AA2F-E7D1CAA6ADB4}"
EndProject
Project("{FAE04EC0-301F-11D3-BF4B-00C04F79EFBC}") = "vrc.data.interfaces", "vrc.data.interfaces\vrc.data.interfaces.csproj", "{764EFB7D-3749-4711-ACE2-F05B4B548275}"
EndProject
Project("{2150E333-8FDC-42A3-9474-1A3956D46DE8}") = "Solution Items", "Solution Items", "{278A88BB-BB96-4B18-8674-DB9E5B1ED3A7}"
	ProjectSection(SolutionItems) = preProject
		README.md = README.md
	EndProjectSection
EndProject
Global
	GlobalSection(SolutionConfigurationPlatforms) = preSolution
		Debug|Any CPU = Debug|Any CPU
		Release|Any CPU = Release|Any CPU
	EndGlobalSection
	GlobalSection(ProjectConfigurationPlatforms) = postSolution
		{B831DC28-2CD5-4B86-8D7D-7506286AFB27}.Debug|Any CPU.ActiveCfg = Debug|Any CPU
		{B831DC28-2CD5-4B86-8D7D-7506286AFB27}.Debug|Any CPU.Build.0 = Debug|Any CPU
		{B831DC28-2CD5-4B86-8D7D-7506286AFB27}.Release|Any CPU.ActiveCfg = Release|Any CPU
		{B831DC28-2CD5-4B86-8D7D-7506286AFB27}.Release|Any CPU.Build.0 = Release|Any CPU
		{CBBE8F52-A646-447E-B62C-F861A0F8138B}.Debug|Any CPU.ActiveCfg = Debug|Any CPU
		{CBBE8F52-A646-447E-B62C-F861A0F8138B}.Debug|Any CPU.Build.0 = Debug|Any CPU
		{CBBE8F52-A646-447E-B62C-F861A0F8138B}.Release|Any CPU.ActiveCfg = Release|Any CPU
		{CBBE8F52-A646-447E-B62C-F861A0F8138B}.Release|Any CPU.Build.0 = Release|Any CPU
		{0F178D78-D71B-422E-AA2F-E7D1CAA6ADB4}.Debug|Any CPU.ActiveCfg = Debug|Any CPU
		{0F178D78-D71B-422E-AA2F-E7D1CAA6ADB4}.Debug|Any CPU.Build.0 = Debug|Any CPU
		{0F178D78-D71B-422E-AA2F-E7D1CAA6ADB4}.Release|Any CPU.ActiveCfg = Release|Any CPU
		{0F178D78-D71B-422E-AA2F-E7D1CAA6ADB4}.Release|Any CPU.Build.0 = Release|Any CPU
		{764EFB7D-3749-4711-ACE2-F05B4B548275}.Debug|Any CPU.ActiveCfg = Debug|Any CPU
		{764EFB7D-3749-4711-ACE2-F05B4B548275}.Debug|Any CPU.Build.0 = Debug|Any CPU
		{764EFB7D-3749-4711-ACE2-F05B4B548275}.Release|Any CPU.ActiveCfg = Release|Any CPU
		{764EFB7D-3749-4711-ACE2-F05B4B548275}.Release|Any CPU.Build.0 = Release|Any CPU
	EndGlobalSection
	GlobalSection(SolutionProperties) = preSolution
		HideSolutionNode = FALSE
	EndGlobalSection
EndGlobal
